// !$*UTF8*$!
{
	archiveVersion = 1;
	classes = {
	};
	objectVersion = 46;
	objects = {

/* Begin PBXBuildFile section */
		38D866041BED36E50077D32F /* AppDelegate.swift in Sources */ = {isa = PBXBuildFile; fileRef = 38D866031BED36E50077D32F /* AppDelegate.swift */; };
		38D866061BED36E50077D32F /* ViewController.swift in Sources */ = {isa = PBXBuildFile; fileRef = 38D866051BED36E50077D32F /* ViewController.swift */; };
		38D866081BED36E50077D32F /* Document.swift in Sources */ = {isa = PBXBuildFile; fileRef = 38D866071BED36E50077D32F /* Document.swift */; };
		38D8660B1BED36E50077D32F /* Document.xcdatamodeld in Sources */ = {isa = PBXBuildFile; fileRef = 38D866091BED36E50077D32F /* Document.xcdatamodeld */; };
		38D8660D1BED36E50077D32F /* Assets.xcassets in Resources */ = {isa = PBXBuildFile; fileRef = 38D8660C1BED36E50077D32F /* Assets.xcassets */; };
		38D866101BED36E50077D32F /* Main.storyboard in Resources */ = {isa = PBXBuildFile; fileRef = 38D8660E1BED36E50077D32F /* Main.storyboard */; };
		38D8661B1BED36E50077D32F /* SwitchJSSTests.swift in Sources */ = {isa = PBXBuildFile; fileRef = 38D8661A1BED36E50077D32F /* SwitchJSSTests.swift */; };
		38D866261BED36E50077D32F /* SwitchJSSUITests.swift in Sources */ = {isa = PBXBuildFile; fileRef = 38D866251BED36E50077D32F /* SwitchJSSUITests.swift */; };
		38D866351BED37810077D32F /* JSSInfo+CoreDataProperties.swift in Sources */ = {isa = PBXBuildFile; fileRef = 38D866331BED37810077D32F /* JSSInfo+CoreDataProperties.swift */; };
		38D866361BED37810077D32F /* JSSInfo.swift in Sources */ = {isa = PBXBuildFile; fileRef = 38D866341BED37810077D32F /* JSSInfo.swift */; };
		38D866381BED37890077D32F /* JSSSwitcher.swift in Sources */ = {isa = PBXBuildFile; fileRef = 38D866371BED37890077D32F /* JSSSwitcher.swift */; };
		38D8663A1BED378F0077D32F /* AddJSSViewController.swift in Sources */ = {isa = PBXBuildFile; fileRef = 38D866391BED378F0077D32F /* AddJSSViewController.swift */; };
		38EE70AB1BF0F448006C4265 /* Screen Shot.png in Resources */ = {isa = PBXBuildFile; fileRef = 38EE70AA1BF0F448006C4265 /* Screen Shot.png */; };
/* End PBXBuildFile section */

/* Begin PBXContainerItemProxy section */
		38D866171BED36E50077D32F /* PBXContainerItemProxy */ = {
			isa = PBXContainerItemProxy;
			containerPortal = 38D865F81BED36E50077D32F /* Project object */;
			proxyType = 1;
			remoteGlobalIDString = 38D865FF1BED36E50077D32F;
			remoteInfo = SwitchJSS;
		};
		38D866221BED36E50077D32F /* PBXContainerItemProxy */ = {
			isa = PBXContainerItemProxy;
			containerPortal = 38D865F81BED36E50077D32F /* Project object */;
			proxyType = 1;
			remoteGlobalIDString = 38D865FF1BED36E50077D32F;
			remoteInfo = SwitchJSS;
		};
/* End PBXContainerItemProxy section */

/* Begin PBXFileReference section */
		38D866001BED36E50077D32F /* SwitchJSS.app */ = {isa = PBXFileReference; explicitFileType = wrapper.application; includeInIndex = 0; path = SwitchJSS.app; sourceTree = BUILT_PRODUCTS_DIR; };
		38D866031BED36E50077D32F /* AppDelegate.swift */ = {isa = PBXFileReference; lastKnownFileType = sourcecode.swift; path = AppDelegate.swift; sourceTree = "<group>"; };
		38D866051BED36E50077D32F /* ViewController.swift */ = {isa = PBXFileReference; lastKnownFileType = sourcecode.swift; path = ViewController.swift; sourceTree = "<group>"; };
		38D866071BED36E50077D32F /* Document.swift */ = {isa = PBXFileReference; lastKnownFileType = sourcecode.swift; path = Document.swift; sourceTree = "<group>"; };
		38D8660A1BED36E50077D32F /* Document.xcdatamodel */ = {isa = PBXFileReference; lastKnownFileType = wrapper.xcdatamodel; path = Document.xcdatamodel; sourceTree = "<group>"; };
		38D8660C1BED36E50077D32F /* Assets.xcassets */ = {isa = PBXFileReference; lastKnownFileType = folder.assetcatalog; path = Assets.xcassets; sourceTree = "<group>"; };
		38D8660F1BED36E50077D32F /* Base */ = {isa = PBXFileReference; lastKnownFileType = file.storyboard; name = Base; path = Base.lproj/Main.storyboard; sourceTree = "<group>"; };
		38D866111BED36E50077D32F /* Info.plist */ = {isa = PBXFileReference; lastKnownFileType = text.plist.xml; path = Info.plist; sourceTree = "<group>"; };
		38D866161BED36E50077D32F /* SwitchJSSTests.xctest */ = {isa = PBXFileReference; explicitFileType = wrapper.cfbundle; includeInIndex = 0; path = SwitchJSSTests.xctest; sourceTree = BUILT_PRODUCTS_DIR; };
		38D8661A1BED36E50077D32F /* SwitchJSSTests.swift */ = {isa = PBXFileReference; lastKnownFileType = sourcecode.swift; path = SwitchJSSTests.swift; sourceTree = "<group>"; };
		38D8661C1BED36E50077D32F /* Info.plist */ = {isa = PBXFileReference; lastKnownFileType = text.plist.xml; path = Info.plist; sourceTree = "<group>"; };
		38D866211BED36E50077D32F /* SwitchJSSUITests.xctest */ = {isa = PBXFileReference; explicitFileType = wrapper.cfbundle; includeInIndex = 0; path = SwitchJSSUITests.xctest; sourceTree = BUILT_PRODUCTS_DIR; };
		38D866251BED36E50077D32F /* SwitchJSSUITests.swift */ = {isa = PBXFileReference; lastKnownFileType = sourcecode.swift; path = SwitchJSSUITests.swift; sourceTree = "<group>"; };
		38D866271BED36E50077D32F /* Info.plist */ = {isa = PBXFileReference; lastKnownFileType = text.plist.xml; path = Info.plist; sourceTree = "<group>"; };
		38D866331BED37810077D32F /* JSSInfo+CoreDataProperties.swift */ = {isa = PBXFileReference; fileEncoding = 4; lastKnownFileType = sourcecode.swift; path = "JSSInfo+CoreDataProperties.swift"; sourceTree = "<group>"; };
		38D866341BED37810077D32F /* JSSInfo.swift */ = {isa = PBXFileReference; fileEncoding = 4; lastKnownFileType = sourcecode.swift; path = JSSInfo.swift; sourceTree = "<group>"; };
		38D866371BED37890077D32F /* JSSSwitcher.swift */ = {isa = PBXFileReference; fileEncoding = 4; lastKnownFileType = sourcecode.swift; path = JSSSwitcher.swift; sourceTree = "<group>"; };
		38D866391BED378F0077D32F /* AddJSSViewController.swift */ = {isa = PBXFileReference; fileEncoding = 4; lastKnownFileType = sourcecode.swift; path = AddJSSViewController.swift; sourceTree = "<group>"; };
		38EE70AA1BF0F448006C4265 /* Screen Shot.png */ = {isa = PBXFileReference; lastKnownFileType = image.png; path = "Screen Shot.png"; sourceTree = "<group>"; };
/* End PBXFileReference section */

/* Begin PBXFrameworksBuildPhase section */
		38D865FD1BED36E50077D32F /* Frameworks */ = {
			isa = PBXFrameworksBuildPhase;
			buildActionMask = 2147483647;
			files = (
			);
			runOnlyForDeploymentPostprocessing = 0;
		};
		38D866131BED36E50077D32F /* Frameworks */ = {
			isa = PBXFrameworksBuildPhase;
			buildActionMask = 2147483647;
			files = (
			);
			runOnlyForDeploymentPostprocessing = 0;
		};
		38D8661E1BED36E50077D32F /* Frameworks */ = {
			isa = PBXFrameworksBuildPhase;
			buildActionMask = 2147483647;
			files = (
			);
			runOnlyForDeploymentPostprocessing = 0;
		};
/* End PBXFrameworksBuildPhase section */

/* Begin PBXGroup section */
		38D865F71BED36E50077D32F = {
			isa = PBXGroup;
			children = (
				38D866021BED36E50077D32F /* SwitchJSS */,
				38D866191BED36E50077D32F /* SwitchJSSTests */,
				38D866241BED36E50077D32F /* SwitchJSSUITests */,
				38D866011BED36E50077D32F /* Products */,
			);
			sourceTree = "<group>";
		};
		38D866011BED36E50077D32F /* Products */ = {
			isa = PBXGroup;
			children = (
				38D866001BED36E50077D32F /* SwitchJSS.app */,
				38D866161BED36E50077D32F /* SwitchJSSTests.xctest */,
				38D866211BED36E50077D32F /* SwitchJSSUITests.xctest */,
			);
			name = Products;
			sourceTree = "<group>";
		};
		38D866021BED36E50077D32F /* SwitchJSS */ = {
			isa = PBXGroup;
			children = (
				38D866031BED36E50077D32F /* AppDelegate.swift */,
				38D866051BED36E50077D32F /* ViewController.swift */,
				38D866071BED36E50077D32F /* Document.swift */,
				38D866391BED378F0077D32F /* AddJSSViewController.swift */,
				38D866371BED37890077D32F /* JSSSwitcher.swift */,
				38D8660C1BED36E50077D32F /* Assets.xcassets */,
				38D8660E1BED36E50077D32F /* Main.storyboard */,
				38D866111BED36E50077D32F /* Info.plist */,
				38D866091BED36E50077D32F /* Document.xcdatamodeld */,
				38D866331BED37810077D32F /* JSSInfo+CoreDataProperties.swift */,
				38D866341BED37810077D32F /* JSSInfo.swift */,
				38EE70AA1BF0F448006C4265 /* Screen Shot.png */,
			);
			path = SwitchJSS;
			sourceTree = "<group>";
		};
		38D866191BED36E50077D32F /* SwitchJSSTests */ = {
			isa = PBXGroup;
			children = (
				38D8661A1BED36E50077D32F /* SwitchJSSTests.swift */,
				38D8661C1BED36E50077D32F /* Info.plist */,
			);
			path = SwitchJSSTests;
			sourceTree = "<group>";
		};
		38D866241BED36E50077D32F /* SwitchJSSUITests */ = {
			isa = PBXGroup;
			children = (
				38D866251BED36E50077D32F /* SwitchJSSUITests.swift */,
				38D866271BED36E50077D32F /* Info.plist */,
			);
			path = SwitchJSSUITests;
			sourceTree = "<group>";
		};
/* End PBXGroup section */

/* Begin PBXNativeTarget section */
		38D865FF1BED36E50077D32F /* SwitchJSS */ = {
			isa = PBXNativeTarget;
			buildConfigurationList = 38D8662A1BED36E50077D32F /* Build configuration list for PBXNativeTarget "SwitchJSS" */;
			buildPhases = (
				38D865FC1BED36E50077D32F /* Sources */,
				38D865FD1BED36E50077D32F /* Frameworks */,
				38D865FE1BED36E50077D32F /* Resources */,
			);
			buildRules = (
			);
			dependencies = (
			);
			name = SwitchJSS;
			productName = SwitchJSS;
			productReference = 38D866001BED36E50077D32F /* SwitchJSS.app */;
			productType = "com.apple.product-type.application";
		};
		38D866151BED36E50077D32F /* SwitchJSSTests */ = {
			isa = PBXNativeTarget;
			buildConfigurationList = 38D8662D1BED36E50077D32F /* Build configuration list for PBXNativeTarget "SwitchJSSTests" */;
			buildPhases = (
				38D866121BED36E50077D32F /* Sources */,
				38D866131BED36E50077D32F /* Frameworks */,
				38D866141BED36E50077D32F /* Resources */,
			);
			buildRules = (
			);
			dependencies = (
				38D866181BED36E50077D32F /* PBXTargetDependency */,
			);
			name = SwitchJSSTests;
			productName = SwitchJSSTests;
			productReference = 38D866161BED36E50077D32F /* SwitchJSSTests.xctest */;
			productType = "com.apple.product-type.bundle.unit-test";
		};
		38D866201BED36E50077D32F /* SwitchJSSUITests */ = {
			isa = PBXNativeTarget;
			buildConfigurationList = 38D866301BED36E50077D32F /* Build configuration list for PBXNativeTarget "SwitchJSSUITests" */;
			buildPhases = (
				38D8661D1BED36E50077D32F /* Sources */,
				38D8661E1BED36E50077D32F /* Frameworks */,
				38D8661F1BED36E50077D32F /* Resources */,
			);
			buildRules = (
			);
			dependencies = (
				38D866231BED36E50077D32F /* PBXTargetDependency */,
			);
			name = SwitchJSSUITests;
			productName = SwitchJSSUITests;
			productReference = 38D866211BED36E50077D32F /* SwitchJSSUITests.xctest */;
			productType = "com.apple.product-type.bundle.ui-testing";
		};
/* End PBXNativeTarget section */

/* Begin PBXProject section */
		38D865F81BED36E50077D32F /* Project object */ = {
			isa = PBXProject;
			attributes = {
				LastSwiftUpdateCheck = 0710;
				LastUpgradeCheck = 0710;
				ORGANIZATIONNAME = "Indiana University";
				TargetAttributes = {
					38D865FF1BED36E50077D32F = {
						CreatedOnToolsVersion = 7.1;
					};
					38D866151BED36E50077D32F = {
						CreatedOnToolsVersion = 7.1;
						TestTargetID = 38D865FF1BED36E50077D32F;
					};
					38D866201BED36E50077D32F = {
						CreatedOnToolsVersion = 7.1;
						TestTargetID = 38D865FF1BED36E50077D32F;
					};
				};
			};
			buildConfigurationList = 38D865FB1BED36E50077D32F /* Build configuration list for PBXProject "SwitchJSS" */;
			compatibilityVersion = "Xcode 3.2";
			developmentRegion = English;
			hasScannedForEncodings = 0;
			knownRegions = (
				en,
				Base,
			);
			mainGroup = 38D865F71BED36E50077D32F;
			productRefGroup = 38D866011BED36E50077D32F /* Products */;
			projectDirPath = "";
			projectRoot = "";
			targets = (
				38D865FF1BED36E50077D32F /* SwitchJSS */,
				38D866151BED36E50077D32F /* SwitchJSSTests */,
				38D866201BED36E50077D32F /* SwitchJSSUITests */,
			);
		};
/* End PBXProject section */

/* Begin PBXResourcesBuildPhase section */
		38D865FE1BED36E50077D32F /* Resources */ = {
			isa = PBXResourcesBuildPhase;
			buildActionMask = 2147483647;
			files = (
				38D8660D1BED36E50077D32F /* Assets.xcassets in Resources */,
				38EE70AB1BF0F448006C4265 /* Screen Shot.png in Resources */,
				38D866101BED36E50077D32F /* Main.storyboard in Resources */,
			);
			runOnlyForDeploymentPostprocessing = 0;
		};
		38D866141BED36E50077D32F /* Resources */ = {
			isa = PBXResourcesBuildPhase;
			buildActionMask = 2147483647;
			files = (
			);
			runOnlyForDeploymentPostprocessing = 0;
		};
		38D8661F1BED36E50077D32F /* Resources */ = {
			isa = PBXResourcesBuildPhase;
			buildActionMask = 2147483647;
			files = (
			);
			runOnlyForDeploymentPostprocessing = 0;
		};
/* End PBXResourcesBuildPhase section */

/* Begin PBXSourcesBuildPhase section */
		38D865FC1BED36E50077D32F /* Sources */ = {
			isa = PBXSourcesBuildPhase;
			buildActionMask = 2147483647;
			files = (
				38D866381BED37890077D32F /* JSSSwitcher.swift in Sources */,
				38D8660B1BED36E50077D32F /* Document.xcdatamodeld in Sources */,
				38D866061BED36E50077D32F /* ViewController.swift in Sources */,
				38D866351BED37810077D32F /* JSSInfo+CoreDataProperties.swift in Sources */,
				38D866041BED36E50077D32F /* AppDelegate.swift in Sources */,
				38D8663A1BED378F0077D32F /* AddJSSViewController.swift in Sources */,
				38D866361BED37810077D32F /* JSSInfo.swift in Sources */,
				38D866081BED36E50077D32F /* Document.swift in Sources */,
			);
			runOnlyForDeploymentPostprocessing = 0;
		};
		38D866121BED36E50077D32F /* Sources */ = {
			isa = PBXSourcesBuildPhase;
			buildActionMask = 2147483647;
			files = (
				38D8661B1BED36E50077D32F /* SwitchJSSTests.swift in Sources */,
			);
			runOnlyForDeploymentPostprocessing = 0;
		};
		38D8661D1BED36E50077D32F /* Sources */ = {
			isa = PBXSourcesBuildPhase;
			buildActionMask = 2147483647;
			files = (
				38D866261BED36E50077D32F /* SwitchJSSUITests.swift in Sources */,
			);
			runOnlyForDeploymentPostprocessing = 0;
		};
/* End PBXSourcesBuildPhase section */

/* Begin PBXTargetDependency section */
		38D866181BED36E50077D32F /* PBXTargetDependency */ = {
			isa = PBXTargetDependency;
			target = 38D865FF1BED36E50077D32F /* SwitchJSS */;
			targetProxy = 38D866171BED36E50077D32F /* PBXContainerItemProxy */;
		};
		38D866231BED36E50077D32F /* PBXTargetDependency */ = {
			isa = PBXTargetDependency;
			target = 38D865FF1BED36E50077D32F /* SwitchJSS */;
			targetProxy = 38D866221BED36E50077D32F /* PBXContainerItemProxy */;
		};
/* End PBXTargetDependency section */

/* Begin PBXVariantGroup section */
		38D8660E1BED36E50077D32F /* Main.storyboard */ = {
			isa = PBXVariantGroup;
			children = (
				38D8660F1BED36E50077D32F /* Base */,
			);
			name = Main.storyboard;
			sourceTree = "<group>";
		};
/* End PBXVariantGroup section */

/* Begin XCBuildConfiguration section */
		38D866281BED36E50077D32F /* Debug */ = {
			isa = XCBuildConfiguration;
			buildSettings = {
				ALWAYS_SEARCH_USER_PATHS = NO;
				CLANG_CXX_LANGUAGE_STANDARD = "gnu++0x";
				CLANG_CXX_LIBRARY = "libc++";
				CLANG_ENABLE_MODULES = YES;
				CLANG_ENABLE_OBJC_ARC = YES;
				CLANG_WARN_BOOL_CONVERSION = YES;
				CLANG_WARN_CONSTANT_CONVERSION = YES;
				CLANG_WARN_DIRECT_OBJC_ISA_USAGE = YES_ERROR;
				CLANG_WARN_EMPTY_BODY = YES;
				CLANG_WARN_ENUM_CONVERSION = YES;
				CLANG_WARN_INT_CONVERSION = YES;
				CLANG_WARN_OBJC_ROOT_CLASS = YES_ERROR;
				CLANG_WARN_UNREACHABLE_CODE = YES;
				CLANG_WARN__DUPLICATE_METHOD_MATCH = YES;
				CODE_SIGN_IDENTITY = "-";
				COPY_PHASE_STRIP = NO;
				DEBUG_INFORMATION_FORMAT = dwarf;
				ENABLE_STRICT_OBJC_MSGSEND = YES;
				ENABLE_TESTABILITY = YES;
				GCC_C_LANGUAGE_STANDARD = gnu99;
				GCC_DYNAMIC_NO_PIC = NO;
				GCC_NO_COMMON_BLOCKS = YES;
				GCC_OPTIMIZATION_LEVEL = 0;
				GCC_PREPROCESSOR_DEFINITIONS = (
					"DEBUG=1",
					"$(inherited)",
				);
				GCC_WARN_64_TO_32_BIT_CONVERSION = YES;
				GCC_WARN_ABOUT_RETURN_TYPE = YES_ERROR;
				GCC_WARN_UNDECLARED_SELECTOR = YES;
				GCC_WARN_UNINITIALIZED_AUTOS = YES_AGGRESSIVE;
				GCC_WARN_UNUSED_FUNCTION = YES;
				GCC_WARN_UNUSED_VARIABLE = YES;
				MACOSX_DEPLOYMENT_TARGET = 10.10;
				MTL_ENABLE_DEBUG_INFO = YES;
				ONLY_ACTIVE_ARCH = YES;
				SDKROOT = macosx;
				SWIFT_OPTIMIZATION_LEVEL = "-Onone";
			};
			name = Debug;
		};
		38D866291BED36E50077D32F /* Release */ = {
			isa = XCBuildConfiguration;
			buildSettings = {
				ALWAYS_SEARCH_USER_PATHS = NO;
				CLANG_CXX_LANGUAGE_STANDARD = "gnu++0x";
				CLANG_CXX_LIBRARY = "libc++";
				CLANG_ENABLE_MODULES = YES;
				CLANG_ENABLE_OBJC_ARC = YES;
				CLANG_WARN_BOOL_CONVERSION = YES;
				CLANG_WARN_CONSTANT_CONVERSION = YES;
				CLANG_WARN_DIRECT_OBJC_ISA_USAGE = YES_ERROR;
				CLANG_WARN_EMPTY_BODY = YES;
				CLANG_WARN_ENUM_CONVERSION = YES;
				CLANG_WARN_INT_CONVERSION = YES;
				CLANG_WARN_OBJC_ROOT_CLASS = YES_ERROR;
				CLANG_WARN_UNREACHABLE_CODE = YES;
				CLANG_WARN__DUPLICATE_METHOD_MATCH = YES;
				CODE_SIGN_IDENTITY = "-";
				COPY_PHASE_STRIP = NO;
				DEBUG_INFORMATION_FORMAT = "dwarf-with-dsym";
				ENABLE_NS_ASSERTIONS = NO;
				ENABLE_STRICT_OBJC_MSGSEND = YES;
				GCC_C_LANGUAGE_STANDARD = gnu99;
				GCC_NO_COMMON_BLOCKS = YES;
				GCC_WARN_64_TO_32_BIT_CONVERSION = YES;
				GCC_WARN_ABOUT_RETURN_TYPE = YES_ERROR;
				GCC_WARN_UNDECLARED_SELECTOR = YES;
				GCC_WARN_UNINITIALIZED_AUTOS = YES_AGGRESSIVE;
				GCC_WARN_UNUSED_FUNCTION = YES;
				GCC_WARN_UNUSED_VARIABLE = YES;
				MACOSX_DEPLOYMENT_TARGET = 10.10;
				MTL_ENABLE_DEBUG_INFO = NO;
				SDKROOT = macosx;
			};
			name = Release;
		};
		38D8662B1BED36E50077D32F /* Debug */ = {
			isa = XCBuildConfiguration;
			buildSettings = {
				ASSETCATALOG_COMPILER_APPICON_NAME = AppIcon;
				COMBINE_HIDPI_IMAGES = YES;
				INFOPLIST_FILE = SwitchJSS/Info.plist;
				LD_RUNPATH_SEARCH_PATHS = "$(inherited) @executable_path/../Frameworks";
				MACOSX_DEPLOYMENT_TARGET = 10.10;
				PRODUCT_BUNDLE_IDENTIFIER = com.jasontratta.SwitchJSS;
				PRODUCT_NAME = "$(TARGET_NAME)";
			};
			name = Debug;
		};
		38D8662C1BED36E50077D32F /* Release */ = {
			isa = XCBuildConfiguration;
			buildSettings = {
				ASSETCATALOG_COMPILER_APPICON_NAME = AppIcon;
				COMBINE_HIDPI_IMAGES = YES;
				INFOPLIST_FILE = SwitchJSS/Info.plist;
				LD_RUNPATH_SEARCH_PATHS = "$(inherited) @executable_path/../Frameworks";
				MACOSX_DEPLOYMENT_TARGET = 10.10;
				PRODUCT_BUNDLE_IDENTIFIER = com.jasontratta.SwitchJSS;
				PRODUCT_NAME = "$(TARGET_NAME)";
			};
			name = Release;
		};
		38D8662E1BED36E50077D32F /* Debug */ = {
			isa = XCBuildConfiguration;
			buildSettings = {
				BUNDLE_LOADER = "$(TEST_HOST)";
				COMBINE_HIDPI_IMAGES = YES;
				INFOPLIST_FILE = SwitchJSSTests/Info.plist;
				LD_RUNPATH_SEARCH_PATHS = "$(inherited) @executable_path/../Frameworks @loader_path/../Frameworks";
				PRODUCT_BUNDLE_IDENTIFIER = com.iu.edu.SwitchJSSTests;
				PRODUCT_NAME = "$(TARGET_NAME)";
				TEST_HOST = "$(BUILT_PRODUCTS_DIR)/SwitchJSS.app/Contents/MacOS/SwitchJSS";
			};
			name = Debug;
		};
		38D8662F1BED36E50077D32F /* Release */ = {
			isa = XCBuildConfiguration;
			buildSettings = {
				BUNDLE_LOADER = "$(TEST_HOST)";
				COMBINE_HIDPI_IMAGES = YES;
				INFOPLIST_FILE = SwitchJSSTests/Info.plist;
				LD_RUNPATH_SEARCH_PATHS = "$(inherited) @executable_path/../Frameworks @loader_path/../Frameworks";
				PRODUCT_BUNDLE_IDENTIFIER = com.iu.edu.SwitchJSSTests;
				PRODUCT_NAME = "$(TARGET_NAME)";
				TEST_HOST = "$(BUILT_PRODUCTS_DIR)/SwitchJSS.app/Contents/MacOS/SwitchJSS";
			};
			name = Release;
		};
		38D866311BED36E50077D32F /* Debug */ = {
			isa = XCBuildConfiguration;
			buildSettings = {
				COMBINE_HIDPI_IMAGES = YES;
				INFOPLIST_FILE = SwitchJSSUITests/Info.plist;
				LD_RUNPATH_SEARCH_PATHS = "$(inherited) @executable_path/../Frameworks @loader_path/../Frameworks";
				PRODUCT_BUNDLE_IDENTIFIER = com.iu.edu.SwitchJSSUITests;
				PRODUCT_NAME = "$(TARGET_NAME)";
				TEST_TARGET_NAME = SwitchJSS;
				USES_XCTRUNNER = YES;
			};
			name = Debug;
		};
		38D866321BED36E50077D32F /* Release */ = {
			isa = XCBuildConfiguration;
			buildSettings = {
				COMBINE_HIDPI_IMAGES = YES;
				INFOPLIST_FILE = SwitchJSSUITests/Info.plist;
				LD_RUNPATH_SEARCH_PATHS = "$(inherited) @executable_path/../Frameworks @loader_path/../Frameworks";
				PRODUCT_BUNDLE_IDENTIFIER = com.iu.edu.SwitchJSSUITests;
				PRODUCT_NAME = "$(TARGET_NAME)";
				TEST_TARGET_NAME = SwitchJSS;
				USES_XCTRUNNER = YES;
			};
			name = Release;
		};
/* End XCBuildConfiguration section */

/* Begin XCConfigurationList section */
		38D865FB1BED36E50077D32F /* Build configuration list for PBXProject "SwitchJSS" */ = {
			isa = XCConfigurationList;
			buildConfigurations = (
				38D866281BED36E50077D32F /* Debug */,
				38D866291BED36E50077D32F /* Release */,
			);
			defaultConfigurationIsVisible = 0;
			defaultConfigurationName = Release;
		};
		38D8662A1BED36E50077D32F /* Build configuration list for PBXNativeTarget "SwitchJSS" */ = {
			isa = XCConfigurationList;
			buildConfigurations = (
				38D8662B1BED36E50077D32F /* Debug */,
				38D8662C1BED36E50077D32F /* Release */,
			);
			defaultConfigurationIsVisible = 0;
			defaultConfigurationName = Release;
		};
		38D8662D1BED36E50077D32F /* Build configuration list for PBXNativeTarget "SwitchJSSTests" */ = {
			isa = XCConfigurationList;
			buildConfigurations = (
				38D8662E1BED36E50077D32F /* Debug */,
				38D8662F1BED36E50077D32F /* Release */,
			);
			defaultConfigurationIsVisible = 0;
			defaultConfigurationName = Release;
		};
		38D866301BED36E50077D32F /* Build configuration list for PBXNativeTarget "SwitchJSSUITests" */ = {
			isa = XCConfigurationList;
			buildConfigurations = (
				38D866311BED36E50077D32F /* Debug */,
				38D866321BED36E50077D32F /* Release */,
			);
			defaultConfigurationIsVisible = 0;
			defaultConfigurationName = Release;
		};
/* End XCConfigurationList section */

/* Begin XCVersionGroup section */
		38D866091BED36E50077D32F /* Document.xcdatamodeld */ = {
			isa = XCVersionGroup;
			children = (
				38D8660A1BED36E50077D32F /* Document.xcdatamodel */,
			);
			currentVersion = 38D8660A1BED36E50077D32F /* Document.xcdatamodel */;
			path = Document.xcdatamodeld;
			sourceTree = "<group>";
			versionGroupType = wrapper.xcdatamodel;
		};
/* End XCVersionGroup section */
	};
	rootObject = 38D865F81BED36E50077D32F /* Project object */;
}
